
Microsoft Visual Studio Solution File, Format Version 12.00
# Visual Studio Version 16
VisualStudioVersion = 16.0.29509.3
MinimumVisualStudioVersion = 10.0.40219.1
Project("{FAE04EC0-301F-11D3-BF4B-00C04F79EFBC}") = "TechStore", "TechStore.csproj", "{1C3C9E3A-CAAF-4ED6-807C-E77FD1EFDA5F}"
EndProject
Global
	GlobalSection(SolutionConfigurationPlatforms) = preSolution
		Debug|Any CPU = Debug|Any CPU
		Release|Any CPU = Release|Any CPU
	EndGlobalSection
	GlobalSection(ProjectConfigurationPlatforms) = postSolution
		{1C3C9E3A-CAAF-4ED6-807C-E77FD1EFDA5F}.Debug|Any CPU.ActiveCfg = Debug|Any CPU
		{1C3C9E3A-CAAF-4ED6-807C-E77FD1EFDA5F}.Debug|Any CPU.Build.0 = Debug|Any CPU
		{1C3C9E3A-CAAF-4ED6-807C-E77FD1EFDA5F}.Release|Any CPU.ActiveCfg = Release|Any CPU
		{1C3C9E3A-CAAF-4ED6-807C-E77FD1EFDA5F}.Release|Any CPU.Build.0 = Release|Any CPU
	EndGlobalSection
	GlobalSection(SolutionProperties) = preSolution
		HideSolutionNode = FALSE
	EndGlobalSection
	GlobalSection(ExtensibilityGlobals) = postSolution
		SolutionGuid = {F82AEC2D-E9B0-44B1-BAA9-4256F932DF33}
	EndGlobalSection
EndGlobal
